// !$*UTF8*$!
{
	archiveVersion = 1;
	classes = {
	};
	objectVersion = 46;
	objects = {

/* Begin PBXBuildFile section */
		A751437D1F4AAB810089578A /* AppDelegate.swift in Sources */ = {isa = PBXBuildFile; fileRef = A751437C1F4AAB810089578A /* AppDelegate.swift */; };
		A751437F1F4AAB810089578A /* ViewController.swift in Sources */ = {isa = PBXBuildFile; fileRef = A751437E1F4AAB810089578A /* ViewController.swift */; };
		A75143821F4AAB810089578A /* Main.storyboard in Resources */ = {isa = PBXBuildFile; fileRef = A75143801F4AAB810089578A /* Main.storyboard */; };
		A75143841F4AAB810089578A /* Assets.xcassets in Resources */ = {isa = PBXBuildFile; fileRef = A75143831F4AAB810089578A /* Assets.xcassets */; };
		A75143871F4AAB810089578A /* LaunchScreen.storyboard in Resources */ = {isa = PBXBuildFile; fileRef = A75143851F4AAB810089578A /* LaunchScreen.storyboard */; };
		A75143921F4AAB810089578A /* NetworkManagerTests.swift in Sources */ = {isa = PBXBuildFile; fileRef = A75143911F4AAB810089578A /* NetworkManagerTests.swift */; };
		A751439D1F4AAB810089578A /* NetworkManagerUITests.swift in Sources */ = {isa = PBXBuildFile; fileRef = A751439C1F4AAB810089578A /* NetworkManagerUITests.swift */; };
/* End PBXBuildFile section */

/* Begin PBXContainerItemProxy section */
		A751438E1F4AAB810089578A /* PBXContainerItemProxy */ = {
			isa = PBXContainerItemProxy;
			containerPortal = A75143711F4AAB810089578A /* Project object */;
			proxyType = 1;
			remoteGlobalIDString = A75143781F4AAB810089578A;
			remoteInfo = NetworkManager;
		};
		A75143991F4AAB810089578A /* PBXContainerItemProxy */ = {
			isa = PBXContainerItemProxy;
			containerPortal = A75143711F4AAB810089578A /* Project object */;
			proxyType = 1;
			remoteGlobalIDString = A75143781F4AAB810089578A;
			remoteInfo = NetworkManager;
		};
/* End PBXContainerItemProxy section */

/* Begin PBXFileReference section */
		A75143791F4AAB810089578A /* NetworkManager.app */ = {isa = PBXFileReference; explicitFileType = wrapper.application; includeInIndex = 0; path = NetworkManager.app; sourceTree = BUILT_PRODUCTS_DIR; };
		A751437C1F4AAB810089578A /* AppDelegate.swift */ = {isa = PBXFileReference; lastKnownFileType = sourcecode.swift; path = AppDelegate.swift; sourceTree = "<group>"; };
		A751437E1F4AAB810089578A /* ViewController.swift */ = {isa = PBXFileReference; lastKnownFileType = sourcecode.swift; path = ViewController.swift; sourceTree = "<group>"; };
		A75143811F4AAB810089578A /* Base */ = {isa = PBXFileReference; lastKnownFileType = file.storyboard; name = Base; path = Base.lproj/Main.storyboard; sourceTree = "<group>"; };
		A75143831F4AAB810089578A /* Assets.xcassets */ = {isa = PBXFileReference; lastKnownFileType = folder.assetcatalog; path = Assets.xcassets; sourceTree = "<group>"; };
		A75143861F4AAB810089578A /* Base */ = {isa = PBXFileReference; lastKnownFileType = file.storyboard; name = Base; path = Base.lproj/LaunchScreen.storyboard; sourceTree = "<group>"; };
		A75143881F4AAB810089578A /* Info.plist */ = {isa = PBXFileReference; lastKnownFileType = text.plist.xml; path = Info.plist; sourceTree = "<group>"; };
		A751438D1F4AAB810089578A /* NetworkManagerTests.xctest */ = {isa = PBXFileReference; explicitFileType = wrapper.cfbundle; includeInIndex = 0; path = NetworkManagerTests.xctest; sourceTree = BUILT_PRODUCTS_DIR; };
		A75143911F4AAB810089578A /* NetworkManagerTests.swift */ = {isa = PBXFileReference; lastKnownFileType = sourcecode.swift; path = NetworkManagerTests.swift; sourceTree = "<group>"; };
		A75143931F4AAB810089578A /* Info.plist */ = {isa = PBXFileReference; lastKnownFileType = text.plist.xml; path = Info.plist; sourceTree = "<group>"; };
		A75143981F4AAB810089578A /* NetworkManagerUITests.xctest */ = {isa = PBXFileReference; explicitFileType = wrapper.cfbundle; includeInIndex = 0; path = NetworkManagerUITests.xctest; sourceTree = BUILT_PRODUCTS_DIR; };
		A751439C1F4AAB810089578A /* NetworkManagerUITests.swift */ = {isa = PBXFileReference; lastKnownFileType = sourcecode.swift; path = NetworkManagerUITests.swift; sourceTree = "<group>"; };
		A751439E1F4AAB810089578A /* Info.plist */ = {isa = PBXFileReference; lastKnownFileType = text.plist.xml; path = Info.plist; sourceTree = "<group>"; };
/* End PBXFileReference section */

/* Begin PBXFrameworksBuildPhase section */
		A75143761F4AAB810089578A /* Frameworks */ = {
			isa = PBXFrameworksBuildPhase;
			buildActionMask = 2147483647;
			files = (
			);
			runOnlyForDeploymentPostprocessing = 0;
		};
		A751438A1F4AAB810089578A /* Frameworks */ = {
			isa = PBXFrameworksBuildPhase;
			buildActionMask = 2147483647;
			files = (
			);
			runOnlyForDeploymentPostprocessing = 0;
		};
		A75143951F4AAB810089578A /* Frameworks */ = {
			isa = PBXFrameworksBuildPhase;
			buildActionMask = 2147483647;
			files = (
			);
			runOnlyForDeploymentPostprocessing = 0;
		};
/* End PBXFrameworksBuildPhase section */

/* Begin PBXGroup section */
		A75143701F4AAB810089578A = {
			isa = PBXGroup;
			children = (
				A751437B1F4AAB810089578A /* NetworkManager */,
				A75143901F4AAB810089578A /* NetworkManagerTests */,
				A751439B1F4AAB810089578A /* NetworkManagerUITests */,
				A751437A1F4AAB810089578A /* Products */,
			);
			sourceTree = "<group>";
		};
		A751437A1F4AAB810089578A /* Products */ = {
			isa = PBXGroup;
			children = (
				A75143791F4AAB810089578A /* NetworkManager.app */,
				A751438D1F4AAB810089578A /* NetworkManagerTests.xctest */,
				A75143981F4AAB810089578A /* NetworkManagerUITests.xctest */,
			);
			name = Products;
			sourceTree = "<group>";
		};
		A751437B1F4AAB810089578A /* NetworkManager */ = {
			isa = PBXGroup;
			children = (
				A751437C1F4AAB810089578A /* AppDelegate.swift */,
				A751437E1F4AAB810089578A /* ViewController.swift */,
				A75143801F4AAB810089578A /* Main.storyboard */,
				A75143831F4AAB810089578A /* Assets.xcassets */,
				A75143851F4AAB810089578A /* LaunchScreen.storyboard */,
				A75143881F4AAB810089578A /* Info.plist */,
			);
			path = NetworkManager;
			sourceTree = "<group>";
		};
		A75143901F4AAB810089578A /* NetworkManagerTests */ = {
			isa = PBXGroup;
			children = (
				A75143911F4AAB810089578A /* NetworkManagerTests.swift */,
				A75143931F4AAB810089578A /* Info.plist */,
			);
			path = NetworkManagerTests;
			sourceTree = "<group>";
		};
		A751439B1F4AAB810089578A /* NetworkManagerUITests */ = {
			isa = PBXGroup;
			children = (
				A751439C1F4AAB810089578A /* NetworkManagerUITests.swift */,
				A751439E1F4AAB810089578A /* Info.plist */,
			);
			path = NetworkManagerUITests;
			sourceTree = "<group>";
		};
/* End PBXGroup section */

/* Begin PBXNativeTarget section */
		A75143781F4AAB810089578A /* NetworkManager */ = {
			isa = PBXNativeTarget;
			buildConfigurationList = A75143A11F4AAB810089578A /* Build configuration list for PBXNativeTarget "NetworkManager" */;
			buildPhases = (
				A75143751F4AAB810089578A /* Sources */,
				A75143761F4AAB810089578A /* Frameworks */,
				A75143771F4AAB810089578A /* Resources */,
			);
			buildRules = (
			);
			dependencies = (
			);
			name = NetworkManager;
			productName = NetworkManager;
			productReference = A75143791F4AAB810089578A /* NetworkManager.app */;
			productType = "com.apple.product-type.application";
		};
		A751438C1F4AAB810089578A /* NetworkManagerTests */ = {
			isa = PBXNativeTarget;
			buildConfigurationList = A75143A41F4AAB810089578A /* Build configuration list for PBXNativeTarget "NetworkManagerTests" */;
			buildPhases = (
				A75143891F4AAB810089578A /* Sources */,
				A751438A1F4AAB810089578A /* Frameworks */,
				A751438B1F4AAB810089578A /* Resources */,
			);
			buildRules = (
			);
			dependencies = (
				A751438F1F4AAB810089578A /* PBXTargetDependency */,
			);
			name = NetworkManagerTests;
			productName = NetworkManagerTests;
			productReference = A751438D1F4AAB810089578A /* NetworkManagerTests.xctest */;
			productType = "com.apple.product-type.bundle.unit-test";
		};
		A75143971F4AAB810089578A /* NetworkManagerUITests */ = {
			isa = PBXNativeTarget;
			buildConfigurationList = A75143A71F4AAB810089578A /* Build configuration list for PBXNativeTarget "NetworkManagerUITests" */;
			buildPhases = (
				A75143941F4AAB810089578A /* Sources */,
				A75143951F4AAB810089578A /* Frameworks */,
				A75143961F4AAB810089578A /* Resources */,
			);
			buildRules = (
			);
			dependencies = (
				A751439A1F4AAB810089578A /* PBXTargetDependency */,
			);
			name = NetworkManagerUITests;
			productName = NetworkManagerUITests;
			productReference = A75143981F4AAB810089578A /* NetworkManagerUITests.xctest */;
			productType = "com.apple.product-type.bundle.ui-testing";
		};
/* End PBXNativeTarget section */

/* Begin PBXProject section */
		A75143711F4AAB810089578A /* Project object */ = {
			isa = PBXProject;
			attributes = {
				LastSwiftUpdateCheck = 0830;
				LastUpgradeCheck = 0830;
				ORGANIZATIONNAME = "soc-macmini-45";
				TargetAttributes = {
					A75143781F4AAB810089578A = {
						CreatedOnToolsVersion = 8.3.2;
						ProvisioningStyle = Automatic;
					};
					A751438C1F4AAB810089578A = {
						CreatedOnToolsVersion = 8.3.2;
						ProvisioningStyle = Automatic;
						TestTargetID = A75143781F4AAB810089578A;
					};
					A75143971F4AAB810089578A = {
						CreatedOnToolsVersion = 8.3.2;
						ProvisioningStyle = Automatic;
						TestTargetID = A75143781F4AAB810089578A;
					};
				};
			};
			buildConfigurationList = A75143741F4AAB810089578A /* Build configuration list for PBXProject "NetworkManager" */;
			compatibilityVersion = "Xcode 3.2";
			developmentRegion = English;
			hasScannedForEncodings = 0;
			knownRegions = (
				en,
				Base,
			);
			mainGroup = A75143701F4AAB810089578A;
			productRefGroup = A751437A1F4AAB810089578A /* Products */;
			projectDirPath = "";
			projectRoot = "";
			targets = (
				A75143781F4AAB810089578A /* NetworkManager */,
				A751438C1F4AAB810089578A /* NetworkManagerTests */,
				A75143971F4AAB810089578A /* NetworkManagerUITests */,
			);
		};
/* End PBXProject section */

/* Begin PBXResourcesBuildPhase section */
		A75143771F4AAB810089578A /* Resources */ = {
			isa = PBXResourcesBuildPhase;
			buildActionMask = 2147483647;
			files = (
				A75143871F4AAB810089578A /* LaunchScreen.storyboard in Resources */,
				A75143841F4AAB810089578A /* Assets.xcassets in Resources */,
				A75143821F4AAB810089578A /* Main.storyboard in Resources */,
			);
			runOnlyForDeploymentPostprocessing = 0;
		};
		A751438B1F4AAB810089578A /* Resources */ = {
			isa = PBXResourcesBuildPhase;
			buildActionMask = 2147483647;
			files = (
			);
			runOnlyForDeploymentPostprocessing = 0;
		};
		A75143961F4AAB810089578A /* Resources */ = {
			isa = PBXResourcesBuildPhase;
			buildActionMask = 2147483647;
			files = (
			);
			runOnlyForDeploymentPostprocessing = 0;
		};
/* End PBXResourcesBuildPhase section */

/* Begin PBXSourcesBuildPhase section */
		A75143751F4AAB810089578A /* Sources */ = {
			isa = PBXSourcesBuildPhase;
			buildActionMask = 2147483647;
			files = (
				A751437F1F4AAB810089578A /* ViewController.swift in Sources */,
				A751437D1F4AAB810089578A /* AppDelegate.swift in Sources */,
			);
			runOnlyForDeploymentPostprocessing = 0;
		};
		A75143891F4AAB810089578A /* Sources */ = {
			isa = PBXSourcesBuildPhase;
			buildActionMask = 2147483647;
			files = (
				A75143921F4AAB810089578A /* NetworkManagerTests.swift in Sources */,
			);
			runOnlyForDeploymentPostprocessing = 0;
		};
		A75143941F4AAB810089578A /* Sources */ = {
			isa = PBXSourcesBuildPhase;
			buildActionMask = 2147483647;
			files = (
				A751439D1F4AAB810089578A /* NetworkManagerUITests.swift in Sources */,
			);
			runOnlyForDeploymentPostprocessing = 0;
		};
/* End PBXSourcesBuildPhase section */

/* Begin PBXTargetDependency section */
		A751438F1F4AAB810089578A /* PBXTargetDependency */ = {
			isa = PBXTargetDependency;
			target = A75143781F4AAB810089578A /* NetworkManager */;
			targetProxy = A751438E1F4AAB810089578A /* PBXContainerItemProxy */;
		};
		A751439A1F4AAB810089578A /* PBXTargetDependency */ = {
			isa = PBXTargetDependency;
			target = A75143781F4AAB810089578A /* NetworkManager */;
			targetProxy = A75143991F4AAB810089578A /* PBXContainerItemProxy */;
		};
/* End PBXTargetDependency section */

/* Begin PBXVariantGroup section */
		A75143801F4AAB810089578A /* Main.storyboard */ = {
			isa = PBXVariantGroup;
			children = (
				A75143811F4AAB810089578A /* Base */,
			);
			name = Main.storyboard;
			sourceTree = "<group>";
		};
		A75143851F4AAB810089578A /* LaunchScreen.storyboard */ = {
			isa = PBXVariantGroup;
			children = (
				A75143861F4AAB810089578A /* Base */,
			);
			name = LaunchScreen.storyboard;
			sourceTree = "<group>";
		};
/* End PBXVariantGroup section */

/* Begin XCBuildConfiguration section */
		A751439F1F4AAB810089578A /* Debug */ = {
			isa = XCBuildConfiguration;
			buildSettings = {
				ALWAYS_SEARCH_USER_PATHS = NO;
				CLANG_ANALYZER_NONNULL = YES;
				CLANG_ANALYZER_NUMBER_OBJECT_CONVERSION = YES_AGGRESSIVE;
				CLANG_CXX_LANGUAGE_STANDARD = "gnu++0x";
				CLANG_CXX_LIBRARY = "libc++";
				CLANG_ENABLE_MODULES = YES;
				CLANG_ENABLE_OBJC_ARC = YES;
				CLANG_WARN_BOOL_CONVERSION = YES;
				CLANG_WARN_CONSTANT_CONVERSION = YES;
				CLANG_WARN_DIRECT_OBJC_ISA_USAGE = YES_ERROR;
				CLANG_WARN_DOCUMENTATION_COMMENTS = YES;
				CLANG_WARN_EMPTY_BODY = YES;
				CLANG_WARN_ENUM_CONVERSION = YES;
				CLANG_WARN_INFINITE_RECURSION = YES;
				CLANG_WARN_INT_CONVERSION = YES;
				CLANG_WARN_OBJC_ROOT_CLASS = YES_ERROR;
				CLANG_WARN_SUSPICIOUS_MOVE = YES;
				CLANG_WARN_UNREACHABLE_CODE = YES;
				CLANG_WARN__DUPLICATE_METHOD_MATCH = YES;
				"CODE_SIGN_IDENTITY[sdk=iphoneos*]" = "iPhone Developer";
				COPY_PHASE_STRIP = NO;
				DEBUG_INFORMATION_FORMAT = dwarf;
				ENABLE_STRICT_OBJC_MSGSEND = YES;
				ENABLE_TESTABILITY = YES;
				GCC_C_LANGUAGE_STANDARD = gnu99;
				GCC_DYNAMIC_NO_PIC = NO;
				GCC_NO_COMMON_BLOCKS = YES;
				GCC_OPTIMIZATION_LEVEL = 0;
				GCC_PREPROCESSOR_DEFINITIONS = (
					"DEBUG=1",
					"$(inherited)",
				);
				GCC_WARN_64_TO_32_BIT_CONVERSION = YES;
				GCC_WARN_ABOUT_RETURN_TYPE = YES_ERROR;
				GCC_WARN_UNDECLARED_SELECTOR = YES;
				GCC_WARN_UNINITIALIZED_AUTOS = YES_AGGRESSIVE;
				GCC_WARN_UNUSED_FUNCTION = YES;
				GCC_WARN_UNUSED_VARIABLE = YES;
				IPHONEOS_DEPLOYMENT_TARGET = 10.3;
				MTL_ENABLE_DEBUG_INFO = YES;
				ONLY_ACTIVE_ARCH = YES;
				SDKROOT = iphoneos;
				SWIFT_ACTIVE_COMPILATION_CONDITIONS = DEBUG;
				SWIFT_OPTIMIZATION_LEVEL = "-Onone";
				TARGETED_DEVICE_FAMILY = "1,2";
			};
			name = Debug;
		};
		A75143A01F4AAB810089578A /* Release */ = {
			isa = XCBuildConfiguration;
			buildSettings = {
				ALWAYS_SEARCH_USER_PATHS = NO;
				CLANG_ANALYZER_NONNULL = YES;
				CLANG_ANALYZER_NUMBER_OBJECT_CONVERSION = YES_AGGRESSIVE;
				CLANG_CXX_LANGUAGE_STANDARD = "gnu++0x";
				CLANG_CXX_LIBRARY = "libc++";
				CLANG_ENABLE_MODULES = YES;
				CLANG_ENABLE_OBJC_ARC = YES;
				CLANG_WARN_BOOL_CONVERSION = YES;
				CLANG_WARN_CONSTANT_CONVERSION = YES;
				CLANG_WARN_DIRECT_OBJC_ISA_USAGE = YES_ERROR;
				CLANG_WARN_DOCUMENTATION_COMMENTS = YES;
				CLANG_WARN_EMPTY_BODY = YES;
				CLANG_WARN_ENUM_CONVERSION = YES;
				CLANG_WARN_INFINITE_RECURSION = YES;
				CLANG_WARN_INT_CONVERSION = YES;
				CLANG_WARN_OBJC_ROOT_CLASS = YES_ERROR;
				CLANG_WARN_SUSPICIOUS_MOVE = YES;
				CLANG_WARN_UNREACHABLE_CODE = YES;
				CLANG_WARN__DUPLICATE_METHOD_MATCH = YES;
				"CODE_SIGN_IDENTITY[sdk=iphoneos*]" = "iPhone Developer";
				COPY_PHASE_STRIP = NO;
				DEBUG_INFORMATION_FORMAT = "dwarf-with-dsym";
				ENABLE_NS_ASSERTIONS = NO;
				ENABLE_STRICT_OBJC_MSGSEND = YES;
				GCC_C_LANGUAGE_STANDARD = gnu99;
				GCC_NO_COMMON_BLOCKS = YES;
				GCC_WARN_64_TO_32_BIT_CONVERSION = YES;
				GCC_WARN_ABOUT_RETURN_TYPE = YES_ERROR;
				GCC_WARN_UNDECLARED_SELECTOR = YES;
				GCC_WARN_UNINITIALIZED_AUTOS = YES_AGGRESSIVE;
				GCC_WARN_UNUSED_FUNCTION = YES;
				GCC_WARN_UNUSED_VARIABLE = YES;
				IPHONEOS_DEPLOYMENT_TARGET = 10.3;
				MTL_ENABLE_DEBUG_INFO = NO;
				SDKROOT = iphoneos;
				SWIFT_OPTIMIZATION_LEVEL = "-Owholemodule";
				TARGETED_DEVICE_FAMILY = "1,2";
				VALIDATE_PRODUCT = YES;
			};
			name = Release;
		};
		A75143A21F4AAB810089578A /* Debug */ = {
			isa = XCBuildConfiguration;
			buildSettings = {
				ASSETCATALOG_COMPILER_APPICON_NAME = AppIcon;
				INFOPLIST_FILE = NetworkManager/Info.plist;
				LD_RUNPATH_SEARCH_PATHS = "$(inherited) @executable_path/Frameworks";
				PRODUCT_BUNDLE_IDENTIFIER = com.Clicklabs.NetworkManager;
				PRODUCT_NAME = "$(TARGET_NAME)";
				SWIFT_VERSION = 3.0;
			};
			name = Debug;
		};
		A75143A31F4AAB810089578A /* Release */ = {
			isa = XCBuildConfiguration;
			buildSettings = {
				ASSETCATALOG_COMPILER_APPICON_NAME = AppIcon;
				INFOPLIST_FILE = NetworkManager/Info.plist;
				LD_RUNPATH_SEARCH_PATHS = "$(inherited) @executable_path/Frameworks";
				PRODUCT_BUNDLE_IDENTIFIER = com.Clicklabs.NetworkManager;
				PRODUCT_NAME = "$(TARGET_NAME)";
				SWIFT_VERSION = 3.0;
			};
			name = Release;
		};
		A75143A51F4AAB810089578A /* Debug */ = {
			isa = XCBuildConfiguration;
			buildSettings = {
				ALWAYS_EMBED_SWIFT_STANDARD_LIBRARIES = YES;
				BUNDLE_LOADER = "$(TEST_HOST)";
				INFOPLIST_FILE = NetworkManagerTests/Info.plist;
				LD_RUNPATH_SEARCH_PATHS = "$(inherited) @executable_path/Frameworks @loader_path/Frameworks";
				PRODUCT_BUNDLE_IDENTIFIER = com.Clicklabs.NetworkManagerTests;
				PRODUCT_NAME = "$(TARGET_NAME)";
				SWIFT_VERSION = 3.0;
				TEST_HOST = "$(BUILT_PRODUCTS_DIR)/NetworkManager.app/NetworkManager";
			};
			name = Debug;
		};
		A75143A61F4AAB810089578A /* Release */ = {
			isa = XCBuildConfiguration;
			buildSettings = {
				ALWAYS_EMBED_SWIFT_STANDARD_LIBRARIES = YES;
				BUNDLE_LOADER = "$(TEST_HOST)";
				INFOPLIST_FILE = NetworkManagerTests/Info.plist;
				LD_RUNPATH_SEARCH_PATHS = "$(inherited) @executable_path/Frameworks @loader_path/Frameworks";
				PRODUCT_BUNDLE_IDENTIFIER = com.Clicklabs.NetworkManagerTests;
				PRODUCT_NAME = "$(TARGET_NAME)";
				SWIFT_VERSION = 3.0;
				TEST_HOST = "$(BUILT_PRODUCTS_DIR)/NetworkManager.app/NetworkManager";
			};
			name = Release;
		};
		A75143A81F4AAB810089578A /* Debug */ = {
			isa = XCBuildConfiguration;
			buildSettings = {
				ALWAYS_EMBED_SWIFT_STANDARD_LIBRARIES = YES;
				INFOPLIST_FILE = NetworkManagerUITests/Info.plist;
				LD_RUNPATH_SEARCH_PATHS = "$(inherited) @executable_path/Frameworks @loader_path/Frameworks";
				PRODUCT_BUNDLE_IDENTIFIER = com.Clicklabs.NetworkManagerUITests;
				PRODUCT_NAME = "$(TARGET_NAME)";
				SWIFT_VERSION = 3.0;
				TEST_TARGET_NAME = NetworkManager;
			};
			name = Debug;
		};
		A75143A91F4AAB810089578A /* Release */ = {
			isa = XCBuildConfiguration;
			buildSettings = {
				ALWAYS_EMBED_SWIFT_STANDARD_LIBRARIES = YES;
				INFOPLIST_FILE = NetworkManagerUITests/Info.plist;
				LD_RUNPATH_SEARCH_PATHS = "$(inherited) @executable_path/Frameworks @loader_path/Frameworks";
				PRODUCT_BUNDLE_IDENTIFIER = com.Clicklabs.NetworkManagerUITests;
				PRODUCT_NAME = "$(TARGET_NAME)";
				SWIFT_VERSION = 3.0;
				TEST_TARGET_NAME = NetworkManager;
			};
			name = Release;
		};
/* End XCBuildConfiguration section */

/* Begin XCConfigurationList section */
		A75143741F4AAB810089578A /* Build configuration list for PBXProject "NetworkManager" */ = {
			isa = XCConfigurationList;
			buildConfigurations = (
				A751439F1F4AAB810089578A /* Debug */,
				A75143A01F4AAB810089578A /* Release */,
			);
			defaultConfigurationIsVisible = 0;
			defaultConfigurationName = Release;
		};
		A75143A11F4AAB810089578A /* Build configuration list for PBXNativeTarget "NetworkManager" */ = {
			isa = XCConfigurationList;
			buildConfigurations = (
				A75143A21F4AAB810089578A /* Debug */,
				A75143A31F4AAB810089578A /* Release */,
			);
			defaultConfigurationIsVisible = 0;
		};
		A75143A41F4AAB810089578A /* Build configuration list for PBXNativeTarget "NetworkManagerTests" */ = {
			isa = XCConfigurationList;
			buildConfigurations = (
				A75143A51F4AAB810089578A /* Debug */,
				A75143A61F4AAB810089578A /* Release */,
			);
			defaultConfigurationIsVisible = 0;
		};
		A75143A71F4AAB810089578A /* Build configuration list for PBXNativeTarget "NetworkManagerUITests" */ = {
			isa = XCConfigurationList;
			buildConfigurations = (
				A75143A81F4AAB810089578A /* Debug */,
				A75143A91F4AAB810089578A /* Release */,
			);
			defaultConfigurationIsVisible = 0;
		};
/* End XCConfigurationList section */
	};
	rootObject = A75143711F4AAB810089578A /* Project object */;
}
